
Microsoft Visual Studio Solution File, Format Version 12.00
# Visual Studio 15
VisualStudioVersion = 15.0.28307.489
MinimumVisualStudioVersion = 10.0.40219.1
Project("{FAE04EC0-301F-11D3-BF4B-00C04F79EFBC}") = "Udemy", "Udemy\Udemy.csproj", "{3213B7E1-7FF3-46A0-893D-6F061CF85B37}"
EndProject
Global
	GlobalSection(SolutionConfigurationPlatforms) = preSolution
		Debug|Any CPU = Debug|Any CPU
		Release|Any CPU = Release|Any CPU
	EndGlobalSection
	GlobalSection(ProjectConfigurationPlatforms) = postSolution
		{3213B7E1-7FF3-46A0-893D-6F061CF85B37}.Debug|Any CPU.ActiveCfg = Debug|Any CPU
		{3213B7E1-7FF3-46A0-893D-6F061CF85B37}.Debug|Any CPU.Build.0 = Debug|Any CPU
		{3213B7E1-7FF3-46A0-893D-6F061CF85B37}.Release|Any CPU.ActiveCfg = Release|Any CPU
		{3213B7E1-7FF3-46A0-893D-6F061CF85B37}.Release|Any CPU.Build.0 = Release|Any CPU
	EndGlobalSection
	GlobalSection(SolutionProperties) = preSolution
		HideSolutionNode = FALSE
	EndGlobalSection
	GlobalSection(ExtensibilityGlobals) = postSolution
		SolutionGuid = {FAF99620-B964-4AD1-8F41-18300ABEDF9E}
	EndGlobalSection
EndGlobal
